
Microsoft Visual Studio Solution File, Format Version 12.00
# Visual Studio 15
VisualStudioVersion = 15.0.28010.2036
MinimumVisualStudioVersion = 10.0.40219.1
Project("{8BC9CEB8-8B4A-11D0-8D11-00A0C91BC942}") = "Keron_Sepp_SDL_Default", "Keron_Sepp_SDL_Default.vcxproj", "{663F3D03-2775-4C19-B889-9C11F3AC1D72}"
EndProject
Global
	GlobalSection(SolutionConfigurationPlatforms) = preSolution
		Debug|x64 = Debug|x64
		Debug|x86 = Debug|x86
		Release|x64 = Release|x64
		Release|x86 = Release|x86
	EndGlobalSection
	GlobalSection(ProjectConfigurationPlatforms) = postSolution
		{663F3D03-2775-4C19-B889-9C11F3AC1D72}.Debug|x64.ActiveCfg = Debug|x64
		{663F3D03-2775-4C19-B889-9C11F3AC1D72}.Debug|x64.Build.0 = Debug|x64
		{663F3D03-2775-4C19-B889-9C11F3AC1D72}.Debug|x86.ActiveCfg = Debug|Win32
		{663F3D03-2775-4C19-B889-9C11F3AC1D72}.Debug|x86.Build.0 = Debug|Win32
		{663F3D03-2775-4C19-B889-9C11F3AC1D72}.Release|x64.ActiveCfg = Release|x64
		{663F3D03-2775-4C19-B889-9C11F3AC1D72}.Release|x64.Build.0 = Release|x64
		{663F3D03-2775-4C19-B889-9C11F3AC1D72}.Release|x86.ActiveCfg = Release|Win32
		{663F3D03-2775-4C19-B889-9C11F3AC1D72}.Release|x86.Build.0 = Release|Win32
	EndGlobalSection
	GlobalSection(SolutionProperties) = preSolution
		HideSolutionNode = FALSE
	EndGlobalSection
	GlobalSection(ExtensibilityGlobals) = postSolution
		SolutionGuid = {66FA7C26-18A7-4225-A92B-372A59B4F77C}
	EndGlobalSection
EndGlobal
